
Microsoft Visual Studio Solution File, Format Version 12.00
# Visual Studio Version 17
VisualStudioVersion = 17.5.33516.290
MinimumVisualStudioVersion = 10.0.40219.1
Project("{9A19103F-16F7-4668-BE54-9A1E7A4F7556}") = "Blog.Web.Mvc", "Blog.Web.Mvc.csproj", "{56B0BA30-32CF-4C0B-972B-ABD3E27D6407}"
EndProject
Global
	GlobalSection(SolutionConfigurationPlatforms) = preSolution
		Debug|Any CPU = Debug|Any CPU
		Release|Any CPU = Release|Any CPU
	EndGlobalSection
	GlobalSection(ProjectConfigurationPlatforms) = postSolution
		{56B0BA30-32CF-4C0B-972B-ABD3E27D6407}.Debug|Any CPU.ActiveCfg = Debug|Any CPU
		{56B0BA30-32CF-4C0B-972B-ABD3E27D6407}.Debug|Any CPU.Build.0 = Debug|Any CPU
		{56B0BA30-32CF-4C0B-972B-ABD3E27D6407}.Release|Any CPU.ActiveCfg = Release|Any CPU
		{56B0BA30-32CF-4C0B-972B-ABD3E27D6407}.Release|Any CPU.Build.0 = Release|Any CPU
	EndGlobalSection
	GlobalSection(SolutionProperties) = preSolution
		HideSolutionNode = FALSE
	EndGlobalSection
	GlobalSection(ExtensibilityGlobals) = postSolution
		SolutionGuid = {E382F26A-012A-40DF-92D2-3C92A4E502B4}
	EndGlobalSection
EndGlobal
